
Microsoft Visual Studio Solution File, Format Version 12.00
# Visual Studio Version 17
VisualStudioVersion = 17.5.33516.290
MinimumVisualStudioVersion = 10.0.40219.1
Project("{FAE04EC0-301F-11D3-BF4B-00C04F79EFBC}") = "positiveNegative", "positiveNegative\positiveNegative.csproj", "{0BF3B9A0-D1D0-44BA-9FC5-9670BB26B547}"
EndProject
Project("{FAE04EC0-301F-11D3-BF4B-00C04F79EFBC}") = "UnitTest", "UnitTest\UnitTest.csproj", "{D69A6CE2-3298-475C-AFD1-F1C544E91C2F}"
EndProject
Global
	GlobalSection(SolutionConfigurationPlatforms) = preSolution
		Debug|Any CPU = Debug|Any CPU
		Release|Any CPU = Release|Any CPU
	EndGlobalSection
	GlobalSection(ProjectConfigurationPlatforms) = postSolution
		{0BF3B9A0-D1D0-44BA-9FC5-9670BB26B547}.Debug|Any CPU.ActiveCfg = Debug|Any CPU
		{0BF3B9A0-D1D0-44BA-9FC5-9670BB26B547}.Debug|Any CPU.Build.0 = Debug|Any CPU
		{0BF3B9A0-D1D0-44BA-9FC5-9670BB26B547}.Release|Any CPU.ActiveCfg = Release|Any CPU
		{0BF3B9A0-D1D0-44BA-9FC5-9670BB26B547}.Release|Any CPU.Build.0 = Release|Any CPU
		{D69A6CE2-3298-475C-AFD1-F1C544E91C2F}.Debug|Any CPU.ActiveCfg = Debug|Any CPU
		{D69A6CE2-3298-475C-AFD1-F1C544E91C2F}.Debug|Any CPU.Build.0 = Debug|Any CPU
		{D69A6CE2-3298-475C-AFD1-F1C544E91C2F}.Release|Any CPU.ActiveCfg = Release|Any CPU
		{D69A6CE2-3298-475C-AFD1-F1C544E91C2F}.Release|Any CPU.Build.0 = Release|Any CPU
	EndGlobalSection
	GlobalSection(SolutionProperties) = preSolution
		HideSolutionNode = FALSE
	EndGlobalSection
	GlobalSection(ExtensibilityGlobals) = postSolution
		SolutionGuid = {892612E5-4688-4CB1-810C-85E1B734ABD5}
	EndGlobalSection
EndGlobal
